
Microsoft Visual Studio Solution File, Format Version 12.00
# Visual Studio Version 16
VisualStudioVersion = 16.0.32929.386
MinimumVisualStudioVersion = 10.0.40219.1
Project("{FAE04EC0-301F-11D3-BF4B-00C04F79EFBC}") = "App_Lan_PingPong_UA", "App_Lan_PingPong_UA.csproj", "{0E078808-9657-43C4-93DB-92F526A61C4A}"
EndProject
Global
	GlobalSection(SolutionConfigurationPlatforms) = preSolution
		Debug|Any CPU = Debug|Any CPU
		Release|Any CPU = Release|Any CPU
	EndGlobalSection
	GlobalSection(ProjectConfigurationPlatforms) = postSolution
		{0E078808-9657-43C4-93DB-92F526A61C4A}.Debug|Any CPU.ActiveCfg = Debug|Any CPU
		{0E078808-9657-43C4-93DB-92F526A61C4A}.Debug|Any CPU.Build.0 = Debug|Any CPU
		{0E078808-9657-43C4-93DB-92F526A61C4A}.Release|Any CPU.ActiveCfg = Release|Any CPU
		{0E078808-9657-43C4-93DB-92F526A61C4A}.Release|Any CPU.Build.0 = Release|Any CPU
	EndGlobalSection
	GlobalSection(SolutionProperties) = preSolution
		HideSolutionNode = FALSE
	EndGlobalSection
	GlobalSection(ExtensibilityGlobals) = postSolution
		SolutionGuid = {3E07C2C6-A5D0-4A35-8956-F544194FCB35}
	EndGlobalSection
EndGlobal
