
Microsoft Visual Studio Solution File, Format Version 12.00
# Visual Studio Version 16
VisualStudioVersion = 16.0.31321.278
MinimumVisualStudioVersion = 10.0.40219.1
Project("{FAE04EC0-301F-11D3-BF4B-00C04F79EFBC}") = "DZ_CodeFirst_dbSender", "..\DZ_CodeFirst_dbSender\DZ_CodeFirst_dbSender.csproj", "{95B510A3-C4F9-43EE-B3D6-929975661F68}"
EndProject
Global
	GlobalSection(SolutionConfigurationPlatforms) = preSolution
		Debug|Any CPU = Debug|Any CPU
		Release|Any CPU = Release|Any CPU
	EndGlobalSection
	GlobalSection(ProjectConfigurationPlatforms) = postSolution
		{95B510A3-C4F9-43EE-B3D6-929975661F68}.Debug|Any CPU.ActiveCfg = Debug|Any CPU
		{95B510A3-C4F9-43EE-B3D6-929975661F68}.Debug|Any CPU.Build.0 = Debug|Any CPU
		{95B510A3-C4F9-43EE-B3D6-929975661F68}.Release|Any CPU.ActiveCfg = Release|Any CPU
		{95B510A3-C4F9-43EE-B3D6-929975661F68}.Release|Any CPU.Build.0 = Release|Any CPU
	EndGlobalSection
	GlobalSection(SolutionProperties) = preSolution
		HideSolutionNode = FALSE
	EndGlobalSection
	GlobalSection(ExtensibilityGlobals) = postSolution
		SolutionGuid = {B04A40FE-ED8B-4587-A453-A2B867AB8777}
	EndGlobalSection
EndGlobal
