
Microsoft Visual Studio Solution File, Format Version 12.00
# Visual Studio Version 16
VisualStudioVersion = 16.0.32901.82
MinimumVisualStudioVersion = 10.0.40219.1
Project("{FAE04EC0-301F-11D3-BF4B-00C04F79EFBC}") = "Lan_Tic-Tac-Toe", "Lan_Tic-Tac-Toe.csproj", "{9B08127C-5460-4392-B59F-E546C42D41CC}"
EndProject
Global
	GlobalSection(SolutionConfigurationPlatforms) = preSolution
		Debug|Any CPU = Debug|Any CPU
		Release|Any CPU = Release|Any CPU
	EndGlobalSection
	GlobalSection(ProjectConfigurationPlatforms) = postSolution
		{9B08127C-5460-4392-B59F-E546C42D41CC}.Debug|Any CPU.ActiveCfg = Debug|Any CPU
		{9B08127C-5460-4392-B59F-E546C42D41CC}.Debug|Any CPU.Build.0 = Debug|Any CPU
		{9B08127C-5460-4392-B59F-E546C42D41CC}.Release|Any CPU.ActiveCfg = Release|Any CPU
		{9B08127C-5460-4392-B59F-E546C42D41CC}.Release|Any CPU.Build.0 = Release|Any CPU
	EndGlobalSection
	GlobalSection(SolutionProperties) = preSolution
		HideSolutionNode = FALSE
	EndGlobalSection
	GlobalSection(ExtensibilityGlobals) = postSolution
		SolutionGuid = {2968FFC7-E08D-43E6-888A-022581AD58A6}
	EndGlobalSection
EndGlobal
