
Microsoft Visual Studio Solution File, Format Version 12.00
# Visual Studio Version 16
VisualStudioVersion = 16.0.32929.386
MinimumVisualStudioVersion = 10.0.40219.1
Project("{FAE04EC0-301F-11D3-BF4B-00C04F79EFBC}") = "Server", "Server.csproj", "{7C4D6494-991A-4256-85C3-3359BFD81ECB}"
EndProject
Project("{FAE04EC0-301F-11D3-BF4B-00C04F79EFBC}") = "Client_Currency", "..\Client_Currency\Client_Currency.csproj", "{4E395DF0-0F92-4722-825F-DE4120D09377}"
EndProject
Global
	GlobalSection(SolutionConfigurationPlatforms) = preSolution
		Debug|Any CPU = Debug|Any CPU
		Release|Any CPU = Release|Any CPU
	EndGlobalSection
	GlobalSection(ProjectConfigurationPlatforms) = postSolution
		{7C4D6494-991A-4256-85C3-3359BFD81ECB}.Debug|Any CPU.ActiveCfg = Debug|Any CPU
		{7C4D6494-991A-4256-85C3-3359BFD81ECB}.Debug|Any CPU.Build.0 = Debug|Any CPU
		{7C4D6494-991A-4256-85C3-3359BFD81ECB}.Release|Any CPU.ActiveCfg = Release|Any CPU
		{7C4D6494-991A-4256-85C3-3359BFD81ECB}.Release|Any CPU.Build.0 = Release|Any CPU
		{4E395DF0-0F92-4722-825F-DE4120D09377}.Debug|Any CPU.ActiveCfg = Debug|Any CPU
		{4E395DF0-0F92-4722-825F-DE4120D09377}.Debug|Any CPU.Build.0 = Debug|Any CPU
		{4E395DF0-0F92-4722-825F-DE4120D09377}.Release|Any CPU.ActiveCfg = Release|Any CPU
		{4E395DF0-0F92-4722-825F-DE4120D09377}.Release|Any CPU.Build.0 = Release|Any CPU
	EndGlobalSection
	GlobalSection(SolutionProperties) = preSolution
		HideSolutionNode = FALSE
	EndGlobalSection
	GlobalSection(ExtensibilityGlobals) = postSolution
		SolutionGuid = {8A7C0AA9-BCC6-492B-9199-EF8B371B078D}
	EndGlobalSection
EndGlobal
