
Microsoft Visual Studio Solution File, Format Version 12.00
# Visual Studio Version 16
VisualStudioVersion = 16.0.31321.278
MinimumVisualStudioVersion = 10.0.40219.1
Project("{FAE04EC0-301F-11D3-BF4B-00C04F79EFBC}") = "DZ_Dapper_Senders", "DZ_Dapper_Senders.csproj", "{9D25FEBB-3920-4CF1-9177-F28B6E776B64}"
EndProject
Global
	GlobalSection(SolutionConfigurationPlatforms) = preSolution
		Debug|Any CPU = Debug|Any CPU
		Release|Any CPU = Release|Any CPU
	EndGlobalSection
	GlobalSection(ProjectConfigurationPlatforms) = postSolution
		{9D25FEBB-3920-4CF1-9177-F28B6E776B64}.Debug|Any CPU.ActiveCfg = Debug|Any CPU
		{9D25FEBB-3920-4CF1-9177-F28B6E776B64}.Debug|Any CPU.Build.0 = Debug|Any CPU
		{9D25FEBB-3920-4CF1-9177-F28B6E776B64}.Release|Any CPU.ActiveCfg = Release|Any CPU
		{9D25FEBB-3920-4CF1-9177-F28B6E776B64}.Release|Any CPU.Build.0 = Release|Any CPU
	EndGlobalSection
	GlobalSection(SolutionProperties) = preSolution
		HideSolutionNode = FALSE
	EndGlobalSection
	GlobalSection(ExtensibilityGlobals) = postSolution
		SolutionGuid = {6E0105CC-8118-4DB0-942E-82A31D3F290D}
	EndGlobalSection
EndGlobal
