
Microsoft Visual Studio Solution File, Format Version 12.00
# Visual Studio Version 16
VisualStudioVersion = 16.0.31321.278
MinimumVisualStudioVersion = 10.0.40219.1
Project("{FAE04EC0-301F-11D3-BF4B-00C04F79EFBC}") = "DZ_Api_4", "DZ_Api_4.csproj", "{5CA959FA-57AC-493A-B15D-9EB042A1A671}"
EndProject
Global
	GlobalSection(SolutionConfigurationPlatforms) = preSolution
		Debug|Any CPU = Debug|Any CPU
		Release|Any CPU = Release|Any CPU
	EndGlobalSection
	GlobalSection(ProjectConfigurationPlatforms) = postSolution
		{5CA959FA-57AC-493A-B15D-9EB042A1A671}.Debug|Any CPU.ActiveCfg = Debug|Any CPU
		{5CA959FA-57AC-493A-B15D-9EB042A1A671}.Debug|Any CPU.Build.0 = Debug|Any CPU
		{5CA959FA-57AC-493A-B15D-9EB042A1A671}.Release|Any CPU.ActiveCfg = Release|Any CPU
		{5CA959FA-57AC-493A-B15D-9EB042A1A671}.Release|Any CPU.Build.0 = Release|Any CPU
	EndGlobalSection
	GlobalSection(SolutionProperties) = preSolution
		HideSolutionNode = FALSE
	EndGlobalSection
	GlobalSection(ExtensibilityGlobals) = postSolution
		SolutionGuid = {284119D0-5BEF-4461-9DE5-A9D3F21485CD}
	EndGlobalSection
EndGlobal
