
Microsoft Visual Studio Solution File, Format Version 12.00
# Visual Studio Version 16
VisualStudioVersion = 16.0.31321.278
MinimumVisualStudioVersion = 10.0.40219.1
Project("{FAE04EC0-301F-11D3-BF4B-00C04F79EFBC}") = "tessssss", "tessssss.csproj", "{AB874823-B4AC-4635-B631-4305A63F63D1}"
EndProject
Global
	GlobalSection(SolutionConfigurationPlatforms) = preSolution
		Debug|Any CPU = Debug|Any CPU
		Release|Any CPU = Release|Any CPU
	EndGlobalSection
	GlobalSection(ProjectConfigurationPlatforms) = postSolution
		{AB874823-B4AC-4635-B631-4305A63F63D1}.Debug|Any CPU.ActiveCfg = Debug|Any CPU
		{AB874823-B4AC-4635-B631-4305A63F63D1}.Debug|Any CPU.Build.0 = Debug|Any CPU
		{AB874823-B4AC-4635-B631-4305A63F63D1}.Release|Any CPU.ActiveCfg = Release|Any CPU
		{AB874823-B4AC-4635-B631-4305A63F63D1}.Release|Any CPU.Build.0 = Release|Any CPU
	EndGlobalSection
	GlobalSection(SolutionProperties) = preSolution
		HideSolutionNode = FALSE
	EndGlobalSection
	GlobalSection(ExtensibilityGlobals) = postSolution
		SolutionGuid = {86C5FA40-C7F2-4DE9-BA96-F91F5CC66A45}
	EndGlobalSection
EndGlobal
