
Microsoft Visual Studio Solution File, Format Version 12.00
# Visual Studio Version 16
VisualStudioVersion = 16.0.31321.278
MinimumVisualStudioVersion = 10.0.40219.1
Project("{FAE04EC0-301F-11D3-BF4B-00C04F79EFBC}") = "DZ_WPF_STAMINA", "DZ_WPF_STAMINA.csproj", "{97AEA084-6707-4514-A3C6-B34D00ACB2FC}"
EndProject
Global
	GlobalSection(SolutionConfigurationPlatforms) = preSolution
		Debug|Any CPU = Debug|Any CPU
		Release|Any CPU = Release|Any CPU
	EndGlobalSection
	GlobalSection(ProjectConfigurationPlatforms) = postSolution
		{97AEA084-6707-4514-A3C6-B34D00ACB2FC}.Debug|Any CPU.ActiveCfg = Debug|Any CPU
		{97AEA084-6707-4514-A3C6-B34D00ACB2FC}.Debug|Any CPU.Build.0 = Debug|Any CPU
		{97AEA084-6707-4514-A3C6-B34D00ACB2FC}.Release|Any CPU.ActiveCfg = Release|Any CPU
		{97AEA084-6707-4514-A3C6-B34D00ACB2FC}.Release|Any CPU.Build.0 = Release|Any CPU
	EndGlobalSection
	GlobalSection(SolutionProperties) = preSolution
		HideSolutionNode = FALSE
	EndGlobalSection
	GlobalSection(ExtensibilityGlobals) = postSolution
		SolutionGuid = {2A535594-B671-4E77-A650-5F3C3DF278BD}
	EndGlobalSection
EndGlobal
