
Microsoft Visual Studio Solution File, Format Version 12.00
# Visual Studio Version 16
VisualStudioVersion = 16.0.32901.82
MinimumVisualStudioVersion = 10.0.40219.1
Project("{FAE04EC0-301F-11D3-BF4B-00C04F79EFBC}") = "WF_Semaphore", "WF_Semaphore.csproj", "{4E7295D4-8789-4764-9BF5-F8FD40819BCC}"
EndProject
Global
	GlobalSection(SolutionConfigurationPlatforms) = preSolution
		Debug|Any CPU = Debug|Any CPU
		Release|Any CPU = Release|Any CPU
	EndGlobalSection
	GlobalSection(ProjectConfigurationPlatforms) = postSolution
		{4E7295D4-8789-4764-9BF5-F8FD40819BCC}.Debug|Any CPU.ActiveCfg = Debug|Any CPU
		{4E7295D4-8789-4764-9BF5-F8FD40819BCC}.Debug|Any CPU.Build.0 = Debug|Any CPU
		{4E7295D4-8789-4764-9BF5-F8FD40819BCC}.Release|Any CPU.ActiveCfg = Release|Any CPU
		{4E7295D4-8789-4764-9BF5-F8FD40819BCC}.Release|Any CPU.Build.0 = Release|Any CPU
	EndGlobalSection
	GlobalSection(SolutionProperties) = preSolution
		HideSolutionNode = FALSE
	EndGlobalSection
	GlobalSection(ExtensibilityGlobals) = postSolution
		SolutionGuid = {26620426-C460-41C0-8311-172573622297}
	EndGlobalSection
EndGlobal
