
Microsoft Visual Studio Solution File, Format Version 12.00
# Visual Studio Version 16
VisualStudioVersion = 16.0.31321.278
MinimumVisualStudioVersion = 10.0.40219.1
Project("{FAE04EC0-301F-11D3-BF4B-00C04F79EFBC}") = "BestOil", "BestOil.csproj", "{C7225050-2BA5-459A-8B1B-4BA5EC3CC716}"
EndProject
Global
	GlobalSection(SolutionConfigurationPlatforms) = preSolution
		Debug|Any CPU = Debug|Any CPU
		Release|Any CPU = Release|Any CPU
	EndGlobalSection
	GlobalSection(ProjectConfigurationPlatforms) = postSolution
		{C7225050-2BA5-459A-8B1B-4BA5EC3CC716}.Debug|Any CPU.ActiveCfg = Debug|Any CPU
		{C7225050-2BA5-459A-8B1B-4BA5EC3CC716}.Debug|Any CPU.Build.0 = Debug|Any CPU
		{C7225050-2BA5-459A-8B1B-4BA5EC3CC716}.Release|Any CPU.ActiveCfg = Release|Any CPU
		{C7225050-2BA5-459A-8B1B-4BA5EC3CC716}.Release|Any CPU.Build.0 = Release|Any CPU
	EndGlobalSection
	GlobalSection(SolutionProperties) = preSolution
		HideSolutionNode = FALSE
	EndGlobalSection
	GlobalSection(ExtensibilityGlobals) = postSolution
		SolutionGuid = {7A44D0F8-2A49-40B9-B9C1-7A17C2124DF5}
	EndGlobalSection
EndGlobal
