
Microsoft Visual Studio Solution File, Format Version 12.00
# Visual Studio Version 16
VisualStudioVersion = 16.0.31321.278
MinimumVisualStudioVersion = 10.0.40219.1
Project("{FAE04EC0-301F-11D3-BF4B-00C04F79EFBC}") = "CW_BarberShop", "CW_BarberShop.csproj", "{AAF16798-B462-47D5-9508-5C248564BE1A}"
EndProject
Global
	GlobalSection(SolutionConfigurationPlatforms) = preSolution
		Debug|Any CPU = Debug|Any CPU
		Release|Any CPU = Release|Any CPU
	EndGlobalSection
	GlobalSection(ProjectConfigurationPlatforms) = postSolution
		{AAF16798-B462-47D5-9508-5C248564BE1A}.Debug|Any CPU.ActiveCfg = Debug|Any CPU
		{AAF16798-B462-47D5-9508-5C248564BE1A}.Debug|Any CPU.Build.0 = Debug|Any CPU
		{AAF16798-B462-47D5-9508-5C248564BE1A}.Release|Any CPU.ActiveCfg = Release|Any CPU
		{AAF16798-B462-47D5-9508-5C248564BE1A}.Release|Any CPU.Build.0 = Release|Any CPU
	EndGlobalSection
	GlobalSection(SolutionProperties) = preSolution
		HideSolutionNode = FALSE
	EndGlobalSection
	GlobalSection(ExtensibilityGlobals) = postSolution
		SolutionGuid = {2F697CFD-44D0-4B45-ACDD-2AFAEEC81761}
	EndGlobalSection
EndGlobal
