
Microsoft Visual Studio Solution File, Format Version 12.00
# Visual Studio Version 17
VisualStudioVersion = 17.4.33213.308
MinimumVisualStudioVersion = 10.0.40219.1
Project("{FAE04EC0-301F-11D3-BF4B-00C04F79EFBC}") = "DZ-7 My Blog", "DZ-7 My Blog\DZ-7 My Blog.csproj", "{A74732AB-3836-42C4-81B7-B5012BEB2C6D}"
EndProject
Global
	GlobalSection(SolutionConfigurationPlatforms) = preSolution
		Debug|Any CPU = Debug|Any CPU
		Release|Any CPU = Release|Any CPU
	EndGlobalSection
	GlobalSection(ProjectConfigurationPlatforms) = postSolution
		{A74732AB-3836-42C4-81B7-B5012BEB2C6D}.Debug|Any CPU.ActiveCfg = Debug|Any CPU
		{A74732AB-3836-42C4-81B7-B5012BEB2C6D}.Debug|Any CPU.Build.0 = Debug|Any CPU
		{A74732AB-3836-42C4-81B7-B5012BEB2C6D}.Release|Any CPU.ActiveCfg = Release|Any CPU
		{A74732AB-3836-42C4-81B7-B5012BEB2C6D}.Release|Any CPU.Build.0 = Release|Any CPU
	EndGlobalSection
	GlobalSection(SolutionProperties) = preSolution
		HideSolutionNode = FALSE
	EndGlobalSection
	GlobalSection(ExtensibilityGlobals) = postSolution
		SolutionGuid = {5E49C2F8-58EA-4DD1-AAF6-31BFC95634D4}
	EndGlobalSection
EndGlobal
