
Microsoft Visual Studio Solution File, Format Version 12.00
# Visual Studio Version 16
VisualStudioVersion = 16.0.32901.82
MinimumVisualStudioVersion = 10.0.40219.1
Project("{FAE04EC0-301F-11D3-BF4B-00C04F79EFBC}") = "EKZ_System_1", "EKZ_System_1.csproj", "{0CA144B1-0F81-4A8F-B355-6B2F8B0B735D}"
EndProject
Global
	GlobalSection(SolutionConfigurationPlatforms) = preSolution
		Debug|Any CPU = Debug|Any CPU
		Release|Any CPU = Release|Any CPU
	EndGlobalSection
	GlobalSection(ProjectConfigurationPlatforms) = postSolution
		{0CA144B1-0F81-4A8F-B355-6B2F8B0B735D}.Debug|Any CPU.ActiveCfg = Debug|Any CPU
		{0CA144B1-0F81-4A8F-B355-6B2F8B0B735D}.Debug|Any CPU.Build.0 = Debug|Any CPU
		{0CA144B1-0F81-4A8F-B355-6B2F8B0B735D}.Release|Any CPU.ActiveCfg = Release|Any CPU
		{0CA144B1-0F81-4A8F-B355-6B2F8B0B735D}.Release|Any CPU.Build.0 = Release|Any CPU
	EndGlobalSection
	GlobalSection(SolutionProperties) = preSolution
		HideSolutionNode = FALSE
	EndGlobalSection
	GlobalSection(ExtensibilityGlobals) = postSolution
		SolutionGuid = {7A85EB42-458E-4DC2-B335-4ED6C91840D5}
	EndGlobalSection
EndGlobal
