
Microsoft Visual Studio Solution File, Format Version 12.00
# Visual Studio Version 16
VisualStudioVersion = 16.0.32901.82
MinimumVisualStudioVersion = 10.0.40219.1
Project("{FAE04EC0-301F-11D3-BF4B-00C04F79EFBC}") = "CW_Practice_Thread", "CW_Practice_Thread.csproj", "{9E6D47C0-BCCA-4DAE-A5E1-B99999510018}"
EndProject
Global
	GlobalSection(SolutionConfigurationPlatforms) = preSolution
		Debug|Any CPU = Debug|Any CPU
		Release|Any CPU = Release|Any CPU
	EndGlobalSection
	GlobalSection(ProjectConfigurationPlatforms) = postSolution
		{9E6D47C0-BCCA-4DAE-A5E1-B99999510018}.Debug|Any CPU.ActiveCfg = Debug|Any CPU
		{9E6D47C0-BCCA-4DAE-A5E1-B99999510018}.Debug|Any CPU.Build.0 = Debug|Any CPU
		{9E6D47C0-BCCA-4DAE-A5E1-B99999510018}.Release|Any CPU.ActiveCfg = Release|Any CPU
		{9E6D47C0-BCCA-4DAE-A5E1-B99999510018}.Release|Any CPU.Build.0 = Release|Any CPU
	EndGlobalSection
	GlobalSection(SolutionProperties) = preSolution
		HideSolutionNode = FALSE
	EndGlobalSection
	GlobalSection(ExtensibilityGlobals) = postSolution
		SolutionGuid = {21CA5417-33A6-44F8-9D92-B08D2F43826A}
	EndGlobalSection
EndGlobal
