
Microsoft Visual Studio Solution File, Format Version 12.00
# Visual Studio Version 16
VisualStudioVersion = 16.0.31321.278
MinimumVisualStudioVersion = 10.0.40219.1
Project("{FAE04EC0-301F-11D3-BF4B-00C04F79EFBC}") = "DZ_LINQ_Countries!", "DZ_LINQ_Countries!.csproj", "{6023B60D-755F-42BD-BB24-E21EA877FA3D}"
EndProject
Global
	GlobalSection(SolutionConfigurationPlatforms) = preSolution
		Debug|Any CPU = Debug|Any CPU
		Release|Any CPU = Release|Any CPU
	EndGlobalSection
	GlobalSection(ProjectConfigurationPlatforms) = postSolution
		{6023B60D-755F-42BD-BB24-E21EA877FA3D}.Debug|Any CPU.ActiveCfg = Debug|Any CPU
		{6023B60D-755F-42BD-BB24-E21EA877FA3D}.Debug|Any CPU.Build.0 = Debug|Any CPU
		{6023B60D-755F-42BD-BB24-E21EA877FA3D}.Release|Any CPU.ActiveCfg = Release|Any CPU
		{6023B60D-755F-42BD-BB24-E21EA877FA3D}.Release|Any CPU.Build.0 = Release|Any CPU
	EndGlobalSection
	GlobalSection(SolutionProperties) = preSolution
		HideSolutionNode = FALSE
	EndGlobalSection
	GlobalSection(ExtensibilityGlobals) = postSolution
		SolutionGuid = {D9F08E40-28ED-4491-BF7B-9A3BD9729884}
	EndGlobalSection
EndGlobal
