
Microsoft Visual Studio Solution File, Format Version 12.00
# Visual Studio Version 17
VisualStudioVersion = 17.5.33516.290
MinimumVisualStudioVersion = 10.0.40219.1
Project("{FAE04EC0-301F-11D3-BF4B-00C04F79EFBC}") = "CountriesCities.API", "CountriesCities.API\CountriesCities.API.csproj", "{3720BA2C-7CEA-49D4-B46C-9D40EA687250}"
EndProject
Project("{FAE04EC0-301F-11D3-BF4B-00C04F79EFBC}") = "CountyCities.Shared", "CountyCities.Shared\CountyCities.Shared.csproj", "{73EE653E-2375-4031-91E2-4B83990E313B}"
EndProject
Global
	GlobalSection(SolutionConfigurationPlatforms) = preSolution
		Debug|Any CPU = Debug|Any CPU
		Release|Any CPU = Release|Any CPU
	EndGlobalSection
	GlobalSection(ProjectConfigurationPlatforms) = postSolution
		{3720BA2C-7CEA-49D4-B46C-9D40EA687250}.Debug|Any CPU.ActiveCfg = Debug|Any CPU
		{3720BA2C-7CEA-49D4-B46C-9D40EA687250}.Debug|Any CPU.Build.0 = Debug|Any CPU
		{3720BA2C-7CEA-49D4-B46C-9D40EA687250}.Release|Any CPU.ActiveCfg = Release|Any CPU
		{3720BA2C-7CEA-49D4-B46C-9D40EA687250}.Release|Any CPU.Build.0 = Release|Any CPU
		{73EE653E-2375-4031-91E2-4B83990E313B}.Debug|Any CPU.ActiveCfg = Debug|Any CPU
		{73EE653E-2375-4031-91E2-4B83990E313B}.Debug|Any CPU.Build.0 = Debug|Any CPU
		{73EE653E-2375-4031-91E2-4B83990E313B}.Release|Any CPU.ActiveCfg = Release|Any CPU
		{73EE653E-2375-4031-91E2-4B83990E313B}.Release|Any CPU.Build.0 = Release|Any CPU
	EndGlobalSection
	GlobalSection(SolutionProperties) = preSolution
		HideSolutionNode = FALSE
	EndGlobalSection
	GlobalSection(ExtensibilityGlobals) = postSolution
		SolutionGuid = {BAEEDD2F-2014-4652-8835-0667BF4BF89D}
	EndGlobalSection
EndGlobal
