
Microsoft Visual Studio Solution File, Format Version 12.00
# Visual Studio Version 17
VisualStudioVersion = 17.5.33516.290
MinimumVisualStudioVersion = 10.0.40219.1
Project("{9A19103F-16F7-4668-BE54-9A1E7A4F7556}") = "CountriesCities.API", "CountriesCities.API\CountriesCities.API.csproj", "{3720BA2C-7CEA-49D4-B46C-9D40EA687250}"
EndProject
Project("{9A19103F-16F7-4668-BE54-9A1E7A4F7556}") = "CountyCities.Shared", "CountyCities.Shared\CountyCities.Shared.csproj", "{73EE653E-2375-4031-91E2-4B83990E313B}"
EndProject
Project("{9A19103F-16F7-4668-BE54-9A1E7A4F7556}") = "CountriesCities.Client", "CountriesCities.Client\CountriesCities.Client.csproj", "{F5E74CD3-4BEC-4562-A578-C2ED0D39F195}"
EndProject
Global
	GlobalSection(SolutionConfigurationPlatforms) = preSolution
		Debug|Any CPU = Debug|Any CPU
		Release|Any CPU = Release|Any CPU
	EndGlobalSection
	GlobalSection(ProjectConfigurationPlatforms) = postSolution
		{3720BA2C-7CEA-49D4-B46C-9D40EA687250}.Debug|Any CPU.ActiveCfg = Debug|Any CPU
		{3720BA2C-7CEA-49D4-B46C-9D40EA687250}.Debug|Any CPU.Build.0 = Debug|Any CPU
		{3720BA2C-7CEA-49D4-B46C-9D40EA687250}.Release|Any CPU.ActiveCfg = Release|Any CPU
		{3720BA2C-7CEA-49D4-B46C-9D40EA687250}.Release|Any CPU.Build.0 = Release|Any CPU
		{73EE653E-2375-4031-91E2-4B83990E313B}.Debug|Any CPU.ActiveCfg = Debug|Any CPU
		{73EE653E-2375-4031-91E2-4B83990E313B}.Debug|Any CPU.Build.0 = Debug|Any CPU
		{73EE653E-2375-4031-91E2-4B83990E313B}.Release|Any CPU.ActiveCfg = Release|Any CPU
		{73EE653E-2375-4031-91E2-4B83990E313B}.Release|Any CPU.Build.0 = Release|Any CPU
		{F5E74CD3-4BEC-4562-A578-C2ED0D39F195}.Debug|Any CPU.ActiveCfg = Debug|Any CPU
		{F5E74CD3-4BEC-4562-A578-C2ED0D39F195}.Debug|Any CPU.Build.0 = Debug|Any CPU
		{F5E74CD3-4BEC-4562-A578-C2ED0D39F195}.Release|Any CPU.ActiveCfg = Release|Any CPU
		{F5E74CD3-4BEC-4562-A578-C2ED0D39F195}.Release|Any CPU.Build.0 = Release|Any CPU
	EndGlobalSection
	GlobalSection(SolutionProperties) = preSolution
		HideSolutionNode = FALSE
	EndGlobalSection
	GlobalSection(ExtensibilityGlobals) = postSolution
		SolutionGuid = {BAEEDD2F-2014-4652-8835-0667BF4BF89D}
	EndGlobalSection
EndGlobal
