
Microsoft Visual Studio Solution File, Format Version 12.00
# Visual Studio Version 17
VisualStudioVersion = 17.4.33213.308
MinimumVisualStudioVersion = 10.0.40219.1
Project("{FAE04EC0-301F-11D3-BF4B-00C04F79EFBC}") = "DZ-3", "DZ-3\DZ-3.csproj", "{9F0A9F16-1207-451C-BDFC-F9749E2A4E5F}"
EndProject
Global
	GlobalSection(SolutionConfigurationPlatforms) = preSolution
		Debug|Any CPU = Debug|Any CPU
		Release|Any CPU = Release|Any CPU
	EndGlobalSection
	GlobalSection(ProjectConfigurationPlatforms) = postSolution
		{9F0A9F16-1207-451C-BDFC-F9749E2A4E5F}.Debug|Any CPU.ActiveCfg = Debug|Any CPU
		{9F0A9F16-1207-451C-BDFC-F9749E2A4E5F}.Debug|Any CPU.Build.0 = Debug|Any CPU
		{9F0A9F16-1207-451C-BDFC-F9749E2A4E5F}.Release|Any CPU.ActiveCfg = Release|Any CPU
		{9F0A9F16-1207-451C-BDFC-F9749E2A4E5F}.Release|Any CPU.Build.0 = Release|Any CPU
	EndGlobalSection
	GlobalSection(SolutionProperties) = preSolution
		HideSolutionNode = FALSE
	EndGlobalSection
	GlobalSection(ExtensibilityGlobals) = postSolution
		SolutionGuid = {1A173535-1F4C-47F8-A447-98121A5AF704}
	EndGlobalSection
EndGlobal
